
Microsoft Visual Studio Solution File, Format Version 12.00
# Visual Studio 15
VisualStudioVersion = 15.0.26124.0
MinimumVisualStudioVersion = 15.0.26124.0
Project("{FAE04EC0-301F-11D3-BF4B-00C04F79EFBC}") = "Store.Domain", "Store.Domain\Store.Domain.csproj", "{0CCDE0A8-FEEC-4852-ADD0-F09E17BF6EBD}"
EndProject
Project("{FAE04EC0-301F-11D3-BF4B-00C04F79EFBC}") = "Store.Tests", "Store.Tests\Store.Tests.csproj", "{72709693-4262-4394-A1A7-3A6637276D09}"
EndProject
Global
	GlobalSection(SolutionConfigurationPlatforms) = preSolution
		Debug|Any CPU = Debug|Any CPU
		Debug|x64 = Debug|x64
		Debug|x86 = Debug|x86
		Release|Any CPU = Release|Any CPU
		Release|x64 = Release|x64
		Release|x86 = Release|x86
	EndGlobalSection
	GlobalSection(SolutionProperties) = preSolution
		HideSolutionNode = FALSE
	EndGlobalSection
	GlobalSection(ProjectConfigurationPlatforms) = postSolution
		{0CCDE0A8-FEEC-4852-ADD0-F09E17BF6EBD}.Debug|Any CPU.ActiveCfg = Debug|Any CPU
		{0CCDE0A8-FEEC-4852-ADD0-F09E17BF6EBD}.Debug|Any CPU.Build.0 = Debug|Any CPU
		{0CCDE0A8-FEEC-4852-ADD0-F09E17BF6EBD}.Debug|x64.ActiveCfg = Debug|Any CPU
		{0CCDE0A8-FEEC-4852-ADD0-F09E17BF6EBD}.Debug|x64.Build.0 = Debug|Any CPU
		{0CCDE0A8-FEEC-4852-ADD0-F09E17BF6EBD}.Debug|x86.ActiveCfg = Debug|Any CPU
		{0CCDE0A8-FEEC-4852-ADD0-F09E17BF6EBD}.Debug|x86.Build.0 = Debug|Any CPU
		{0CCDE0A8-FEEC-4852-ADD0-F09E17BF6EBD}.Release|Any CPU.ActiveCfg = Release|Any CPU
		{0CCDE0A8-FEEC-4852-ADD0-F09E17BF6EBD}.Release|Any CPU.Build.0 = Release|Any CPU
		{0CCDE0A8-FEEC-4852-ADD0-F09E17BF6EBD}.Release|x64.ActiveCfg = Release|Any CPU
		{0CCDE0A8-FEEC-4852-ADD0-F09E17BF6EBD}.Release|x64.Build.0 = Release|Any CPU
		{0CCDE0A8-FEEC-4852-ADD0-F09E17BF6EBD}.Release|x86.ActiveCfg = Release|Any CPU
		{0CCDE0A8-FEEC-4852-ADD0-F09E17BF6EBD}.Release|x86.Build.0 = Release|Any CPU
		{72709693-4262-4394-A1A7-3A6637276D09}.Debug|Any CPU.ActiveCfg = Debug|Any CPU
		{72709693-4262-4394-A1A7-3A6637276D09}.Debug|Any CPU.Build.0 = Debug|Any CPU
		{72709693-4262-4394-A1A7-3A6637276D09}.Debug|x64.ActiveCfg = Debug|Any CPU
		{72709693-4262-4394-A1A7-3A6637276D09}.Debug|x64.Build.0 = Debug|Any CPU
		{72709693-4262-4394-A1A7-3A6637276D09}.Debug|x86.ActiveCfg = Debug|Any CPU
		{72709693-4262-4394-A1A7-3A6637276D09}.Debug|x86.Build.0 = Debug|Any CPU
		{72709693-4262-4394-A1A7-3A6637276D09}.Release|Any CPU.ActiveCfg = Release|Any CPU
		{72709693-4262-4394-A1A7-3A6637276D09}.Release|Any CPU.Build.0 = Release|Any CPU
		{72709693-4262-4394-A1A7-3A6637276D09}.Release|x64.ActiveCfg = Release|Any CPU
		{72709693-4262-4394-A1A7-3A6637276D09}.Release|x64.Build.0 = Release|Any CPU
		{72709693-4262-4394-A1A7-3A6637276D09}.Release|x86.ActiveCfg = Release|Any CPU
		{72709693-4262-4394-A1A7-3A6637276D09}.Release|x86.Build.0 = Release|Any CPU
	EndGlobalSection
EndGlobal
